
Microsoft Visual Studio Solution File, Format Version 12.00
# Visual Studio Version 16
VisualStudioVersion = 16.0.31624.102
MinimumVisualStudioVersion = 10.0.40219.1
Project("{FAE04EC0-301F-11D3-BF4B-00C04F79EFBC}") = "Undine.MonoGame.Primitives2D", "Undine.MonoGame.Primitives2D\Undine.MonoGame.Primitives2D.csproj", "{7BB0F77F-77D3-4F77-92AD-AE5A4D92A036}"
EndProject
Global
	GlobalSection(SolutionConfigurationPlatforms) = preSolution
		Debug|Any CPU = Debug|Any CPU
		Release|Any CPU = Release|Any CPU
	EndGlobalSection
	GlobalSection(ProjectConfigurationPlatforms) = postSolution
		{7BB0F77F-77D3-4F77-92AD-AE5A4D92A036}.Debug|Any CPU.ActiveCfg = Debug|Any CPU
		{7BB0F77F-77D3-4F77-92AD-AE5A4D92A036}.Debug|Any CPU.Build.0 = Debug|Any CPU
		{7BB0F77F-77D3-4F77-92AD-AE5A4D92A036}.Release|Any CPU.ActiveCfg = Release|Any CPU
		{7BB0F77F-77D3-4F77-92AD-AE5A4D92A036}.Release|Any CPU.Build.0 = Release|Any CPU
	EndGlobalSection
	GlobalSection(SolutionProperties) = preSolution
		HideSolutionNode = FALSE
	EndGlobalSection
	GlobalSection(ExtensibilityGlobals) = postSolution
		SolutionGuid = {AF5CF86F-24D3-4F8D-8E15-3D9D0EEE8604}
	EndGlobalSection
EndGlobal
